
Microsoft Visual Studio Solution File, Format Version 12.00
# Visual Studio Version 16
VisualStudioVersion = 16.0.34031.81
MinimumVisualStudioVersion = 10.0.40219.1
Project("{2150E333-8FDC-42A3-9474-1A3956D46DE8}") = "Task0", "Task0", "{A6FF9A21-2559-4953-8783-6949A358E8CD}"
EndProject
Project("{FAE04EC0-301F-11D3-BF4B-00C04F79EFBC}") = "Tyuiu.ModenovaAP.Sprint3.Task0.V23", "Tyuiu.ModenovaAP.Sprint3.Task0.V23\Tyuiu.ModenovaAP.Sprint3.Task0.V23.csproj", "{D01830BF-BEDA-4B76-B118-9DC03C5EEF7C}"
EndProject
Project("{FAE04EC0-301F-11D3-BF4B-00C04F79EFBC}") = "Tyuiu.ModenovaAP.Sprint3.Task0.V23.Lib", "Tyuiu.ModenovaAP.Sprint3.Task0.V23.Lib\Tyuiu.ModenovaAP.Sprint3.Task0.V23.Lib.csproj", "{0DFD5F21-7344-4424-82E7-E44F1958F234}"
EndProject
Project("{FAE04EC0-301F-11D3-BF4B-00C04F79EFBC}") = "Tyuiu.ModenovaAP.Sprint3.Task0.V23.Test", "Tyuiu.ModenovaAP.Sprint3.Task0.V23.Test\Tyuiu.ModenovaAP.Sprint3.Task0.V23.Test.csproj", "{37E086BF-3AF9-44AF-AEA4-8A16BA3E3462}"
EndProject
Project("{2150E333-8FDC-42A3-9474-1A3956D46DE8}") = "Task1", "Task1", "{EA1FB5A6-5A5C-4562-894E-31AA6CCD692A}"
EndProject
Project("{FAE04EC0-301F-11D3-BF4B-00C04F79EFBC}") = "Tyuiu.ModenovaAP.Sprint3.Task1.V23", "Tyuiu.ModenovaAP.Sprint3.Task1.V23\Tyuiu.ModenovaAP.Sprint3.Task1.V23.csproj", "{5548D5F6-8819-4370-A489-D9E27DE56332}"
EndProject
Project("{FAE04EC0-301F-11D3-BF4B-00C04F79EFBC}") = "Tyuiu.ModenovaAP.Sprint3.Task1.V23.Lib", "Tyuiu.ModenovaAP.Sprint3.Task1.V23.Lib\Tyuiu.ModenovaAP.Sprint3.Task1.V23.Lib.csproj", "{6D2E9563-62A6-419F-A5D0-87F031ACDEB0}"
EndProject
Project("{FAE04EC0-301F-11D3-BF4B-00C04F79EFBC}") = "Tyuiu.ModenovaAP.Sprint3.Task1.V23.Test", "Tyuiu.ModenovaAP.Sprint3.Task1.V23.Test\Tyuiu.ModenovaAP.Sprint3.Task1.V23.Test.csproj", "{B982A7D5-BCB6-4FE2-8498-606E79F11918}"
EndProject
Project("{2150E333-8FDC-42A3-9474-1A3956D46DE8}") = "Task2", "Task2", "{6ABBD419-4318-42B6-B180-1DD515A20DE4}"
EndProject
Project("{FAE04EC0-301F-11D3-BF4B-00C04F79EFBC}") = "Tyuiu.ModenovaAP.Sprint3.Task2.V23", "Tyuiu.ModenovaAP.Sprint3.Task2.V23\Tyuiu.ModenovaAP.Sprint3.Task2.V23.csproj", "{D00B2B07-6BA0-4A51-A72E-BCED431B12C8}"
EndProject
Project("{FAE04EC0-301F-11D3-BF4B-00C04F79EFBC}") = "Tyuiu.ModenovaAP.Sprint3.Task2.V23.Lib", "Tyuiu.ModenovaAP.Sprint3.Task2.V23.Lib\Tyuiu.ModenovaAP.Sprint3.Task2.V23.Lib.csproj", "{B779DC06-13C0-4441-859F-05D833F0EF5D}"
EndProject
Project("{FAE04EC0-301F-11D3-BF4B-00C04F79EFBC}") = "Tyuiu.ModenovaAP.Sprint3.Task2.V23.Test", "Tyuiu.ModenovaAP.Sprint3.Task2.V23.Test\Tyuiu.ModenovaAP.Sprint3.Task2.V23.Test.csproj", "{C055A9CD-FB38-4364-A4D3-A9E1AB98DB2E}"
EndProject
Project("{2150E333-8FDC-42A3-9474-1A3956D46DE8}") = "Task3", "Task3", "{A3C6C92D-8F67-417E-8FB7-09FB5242CD31}"
EndProject
Project("{FAE04EC0-301F-11D3-BF4B-00C04F79EFBC}") = "Tyuiu.ModenovaAP.Sprint3.Task3.V15", "Tyuiu.ModenovaAP.Sprint3.Task3.V15\Tyuiu.ModenovaAP.Sprint3.Task3.V15.csproj", "{19460ECD-9F51-47CF-B1EC-C3B6A80FEF2E}"
EndProject
Project("{FAE04EC0-301F-11D3-BF4B-00C04F79EFBC}") = "Tyuiu.ModenovaAP.Sprint3.Task3.V15.Lib", "Tyuiu.ModenovaAP.Sprint3.Task3.V15.Lib\Tyuiu.ModenovaAP.Sprint3.Task3.V15.Lib.csproj", "{3099E5AA-2EDB-40C9-80BA-7CC556E0DACE}"
EndProject
Project("{FAE04EC0-301F-11D3-BF4B-00C04F79EFBC}") = "Tyuiu.ModenovaAP.Sprint3.Task3.V15.Test", "Tyuiu.ModenovaAP.Sprint3.Task3.V15.Test\Tyuiu.ModenovaAP.Sprint3.Task3.V15.Test.csproj", "{ADA7887E-2A21-4B92-B3C0-BAC165820623}"
EndProject
Project("{2150E333-8FDC-42A3-9474-1A3956D46DE8}") = "Task4", "Task4", "{41B1AB70-2C03-4E34-962F-39204BA4ED94}"
EndProject
Project("{FAE04EC0-301F-11D3-BF4B-00C04F79EFBC}") = "Tyuiu.ModenovaAP.Sprint3.Task4.V4", "Tyuiu.ModenovaAP.Sprint3.Task4.V4\Tyuiu.ModenovaAP.Sprint3.Task4.V4.csproj", "{2EC354C2-BBAA-448C-AB1D-AB4CE30D65B9}"
EndProject
Project("{FAE04EC0-301F-11D3-BF4B-00C04F79EFBC}") = "Tyuiu.ModenovaAP.Sprint3.Task4.V4.Lib", "Tyuiu.ModenovaAP.Sprint3.Task4.V4.Lib\Tyuiu.ModenovaAP.Sprint3.Task4.V4.Lib.csproj", "{95E6CFFC-3A81-4D60-9522-F1CC4CA01472}"
EndProject
Project("{FAE04EC0-301F-11D3-BF4B-00C04F79EFBC}") = "Tyuiu.ModenovaAP.Sprint3.Task4.V4.Test", "Tyuiu.ModenovaAP.Sprint3.Task4.V4.Test\Tyuiu.ModenovaAP.Sprint3.Task4.V4.Test.csproj", "{986B981A-91C4-4472-AC4A-A58EBF471A9D}"
EndProject
Project("{2150E333-8FDC-42A3-9474-1A3956D46DE8}") = "Task6", "Task6", "{CA435B31-1283-4434-94FC-378062CB7DE3}"
EndProject
Project("{FAE04EC0-301F-11D3-BF4B-00C04F79EFBC}") = "Tyuiu.ModenovaAP.Sprint3.Task6.V13", "Tyuiu.ModenovaAP.Sprint3.Task6.V13\Tyuiu.ModenovaAP.Sprint3.Task6.V13.csproj", "{D3945805-E981-4742-A553-6FC51BCF34D0}"
EndProject
Project("{FAE04EC0-301F-11D3-BF4B-00C04F79EFBC}") = "Tyuiu.ModenovaAP.Sprint3.Task6.V13.Lib", "Tyuiu.ModenovaAP.Sprint3.Task6.V13.Lib\Tyuiu.ModenovaAP.Sprint3.Task6.V13.Lib.csproj", "{0269CA7E-E2C3-488B-80B4-AC87DCC9029B}"
EndProject
Project("{FAE04EC0-301F-11D3-BF4B-00C04F79EFBC}") = "Tyuiu.ModenovaAP.Sprint3.Task6.V13.Test", "Tyuiu.ModenovaAP.Sprint3.Task6.V13.Test\Tyuiu.ModenovaAP.Sprint3.Task6.V13.Test.csproj", "{A3BEF5C5-0E23-42EA-827D-39A36BA34177}"
EndProject
Project("{2150E333-8FDC-42A3-9474-1A3956D46DE8}") = "Task7", "Task7", "{79EFAD64-16E1-4891-8828-41AACE62B0D0}"
EndProject
Project("{FAE04EC0-301F-11D3-BF4B-00C04F79EFBC}") = "Tyuiu.ModenovaAP.Sprint3.Task7.V5", "Tyuiu.ModenovaAP.Sprint3.Task7.V5\Tyuiu.ModenovaAP.Sprint3.Task7.V5.csproj", "{3B12A634-91CA-4CBA-9D0C-7FC85A902E3B}"
EndProject
Project("{FAE04EC0-301F-11D3-BF4B-00C04F79EFBC}") = "Tyuiu.ModenovaAP.Sprint3.Task7.V5.Lib", "Tyuiu.ModenovaAP.Sprint3.Task7.V5.Lib\Tyuiu.ModenovaAP.Sprint3.Task7.V5.Lib.csproj", "{4F2CF412-F1C7-4238-81E9-37BC30D7992A}"
EndProject
Project("{FAE04EC0-301F-11D3-BF4B-00C04F79EFBC}") = "Tyuiu.ModenovaAP.Sprint3.Task7.V5.Test", "Tyuiu.ModenovaAP.Sprint3.Task7.V5.Test\Tyuiu.ModenovaAP.Sprint3.Task7.V5.Test.csproj", "{7C6F4092-E8E3-4A25-9205-AB6976DA0AF7}"
EndProject
Global
	GlobalSection(SolutionConfigurationPlatforms) = preSolution
		Debug|Any CPU = Debug|Any CPU
		Release|Any CPU = Release|Any CPU
	EndGlobalSection
	GlobalSection(ProjectConfigurationPlatforms) = postSolution
		{D01830BF-BEDA-4B76-B118-9DC03C5EEF7C}.Debug|Any CPU.ActiveCfg = Debug|Any CPU
		{D01830BF-BEDA-4B76-B118-9DC03C5EEF7C}.Debug|Any CPU.Build.0 = Debug|Any CPU
		{D01830BF-BEDA-4B76-B118-9DC03C5EEF7C}.Release|Any CPU.ActiveCfg = Release|Any CPU
		{D01830BF-BEDA-4B76-B118-9DC03C5EEF7C}.Release|Any CPU.Build.0 = Release|Any CPU
		{0DFD5F21-7344-4424-82E7-E44F1958F234}.Debug|Any CPU.ActiveCfg = Debug|Any CPU
		{0DFD5F21-7344-4424-82E7-E44F1958F234}.Debug|Any CPU.Build.0 = Debug|Any CPU
		{0DFD5F21-7344-4424-82E7-E44F1958F234}.Release|Any CPU.ActiveCfg = Release|Any CPU
		{0DFD5F21-7344-4424-82E7-E44F1958F234}.Release|Any CPU.Build.0 = Release|Any CPU
		{37E086BF-3AF9-44AF-AEA4-8A16BA3E3462}.Debug|Any CPU.ActiveCfg = Debug|Any CPU
		{37E086BF-3AF9-44AF-AEA4-8A16BA3E3462}.Debug|Any CPU.Build.0 = Debug|Any CPU
		{37E086BF-3AF9-44AF-AEA4-8A16BA3E3462}.Release|Any CPU.ActiveCfg = Release|Any CPU
		{37E086BF-3AF9-44AF-AEA4-8A16BA3E3462}.Release|Any CPU.Build.0 = Release|Any CPU
		{5548D5F6-8819-4370-A489-D9E27DE56332}.Debug|Any CPU.ActiveCfg = Debug|Any CPU
		{5548D5F6-8819-4370-A489-D9E27DE56332}.Debug|Any CPU.Build.0 = Debug|Any CPU
		{5548D5F6-8819-4370-A489-D9E27DE56332}.Release|Any CPU.ActiveCfg = Release|Any CPU
		{5548D5F6-8819-4370-A489-D9E27DE56332}.Release|Any CPU.Build.0 = Release|Any CPU
		{6D2E9563-62A6-419F-A5D0-87F031ACDEB0}.Debug|Any CPU.ActiveCfg = Debug|Any CPU
		{6D2E9563-62A6-419F-A5D0-87F031ACDEB0}.Debug|Any CPU.Build.0 = Debug|Any CPU
		{6D2E9563-62A6-419F-A5D0-87F031ACDEB0}.Release|Any CPU.ActiveCfg = Release|Any CPU
		{6D2E9563-62A6-419F-A5D0-87F031ACDEB0}.Release|Any CPU.Build.0 = Release|Any CPU
		{B982A7D5-BCB6-4FE2-8498-606E79F11918}.Debug|Any CPU.ActiveCfg = Debug|Any CPU
		{B982A7D5-BCB6-4FE2-8498-606E79F11918}.Debug|Any CPU.Build.0 = Debug|Any CPU
		{B982A7D5-BCB6-4FE2-8498-606E79F11918}.Release|Any CPU.ActiveCfg = Release|Any CPU
		{B982A7D5-BCB6-4FE2-8498-606E79F11918}.Release|Any CPU.Build.0 = Release|Any CPU
		{D00B2B07-6BA0-4A51-A72E-BCED431B12C8}.Debug|Any CPU.ActiveCfg = Debug|Any CPU
		{D00B2B07-6BA0-4A51-A72E-BCED431B12C8}.Debug|Any CPU.Build.0 = Debug|Any CPU
		{D00B2B07-6BA0-4A51-A72E-BCED431B12C8}.Release|Any CPU.ActiveCfg = Release|Any CPU
		{D00B2B07-6BA0-4A51-A72E-BCED431B12C8}.Release|Any CPU.Build.0 = Release|Any CPU
		{B779DC06-13C0-4441-859F-05D833F0EF5D}.Debug|Any CPU.ActiveCfg = Debug|Any CPU
		{B779DC06-13C0-4441-859F-05D833F0EF5D}.Debug|Any CPU.Build.0 = Debug|Any CPU
		{B779DC06-13C0-4441-859F-05D833F0EF5D}.Release|Any CPU.ActiveCfg = Release|Any CPU
		{B779DC06-13C0-4441-859F-05D833F0EF5D}.Release|Any CPU.Build.0 = Release|Any CPU
		{C055A9CD-FB38-4364-A4D3-A9E1AB98DB2E}.Debug|Any CPU.ActiveCfg = Debug|Any CPU
		{C055A9CD-FB38-4364-A4D3-A9E1AB98DB2E}.Debug|Any CPU.Build.0 = Debug|Any CPU
		{C055A9CD-FB38-4364-A4D3-A9E1AB98DB2E}.Release|Any CPU.ActiveCfg = Release|Any CPU
		{C055A9CD-FB38-4364-A4D3-A9E1AB98DB2E}.Release|Any CPU.Build.0 = Release|Any CPU
		{19460ECD-9F51-47CF-B1EC-C3B6A80FEF2E}.Debug|Any CPU.ActiveCfg = Debug|Any CPU
		{19460ECD-9F51-47CF-B1EC-C3B6A80FEF2E}.Debug|Any CPU.Build.0 = Debug|Any CPU
		{19460ECD-9F51-47CF-B1EC-C3B6A80FEF2E}.Release|Any CPU.ActiveCfg = Release|Any CPU
		{19460ECD-9F51-47CF-B1EC-C3B6A80FEF2E}.Release|Any CPU.Build.0 = Release|Any CPU
		{3099E5AA-2EDB-40C9-80BA-7CC556E0DACE}.Debug|Any CPU.ActiveCfg = Debug|Any CPU
		{3099E5AA-2EDB-40C9-80BA-7CC556E0DACE}.Debug|Any CPU.Build.0 = Debug|Any CPU
		{3099E5AA-2EDB-40C9-80BA-7CC556E0DACE}.Release|Any CPU.ActiveCfg = Release|Any CPU
		{3099E5AA-2EDB-40C9-80BA-7CC556E0DACE}.Release|Any CPU.Build.0 = Release|Any CPU
		{ADA7887E-2A21-4B92-B3C0-BAC165820623}.Debug|Any CPU.ActiveCfg = Debug|Any CPU
		{ADA7887E-2A21-4B92-B3C0-BAC165820623}.Debug|Any CPU.Build.0 = Debug|Any CPU
		{ADA7887E-2A21-4B92-B3C0-BAC165820623}.Release|Any CPU.ActiveCfg = Release|Any CPU
		{ADA7887E-2A21-4B92-B3C0-BAC165820623}.Release|Any CPU.Build.0 = Release|Any CPU
		{2EC354C2-BBAA-448C-AB1D-AB4CE30D65B9}.Debug|Any CPU.ActiveCfg = Debug|Any CPU
		{2EC354C2-BBAA-448C-AB1D-AB4CE30D65B9}.Debug|Any CPU.Build.0 = Debug|Any CPU
		{2EC354C2-BBAA-448C-AB1D-AB4CE30D65B9}.Release|Any CPU.ActiveCfg = Release|Any CPU
		{2EC354C2-BBAA-448C-AB1D-AB4CE30D65B9}.Release|Any CPU.Build.0 = Release|Any CPU
		{95E6CFFC-3A81-4D60-9522-F1CC4CA01472}.Debug|Any CPU.ActiveCfg = Debug|Any CPU
		{95E6CFFC-3A81-4D60-9522-F1CC4CA01472}.Debug|Any CPU.Build.0 = Debug|Any CPU
		{95E6CFFC-3A81-4D60-9522-F1CC4CA01472}.Release|Any CPU.ActiveCfg = Release|Any CPU
		{95E6CFFC-3A81-4D60-9522-F1CC4CA01472}.Release|Any CPU.Build.0 = Release|Any CPU
		{986B981A-91C4-4472-AC4A-A58EBF471A9D}.Debug|Any CPU.ActiveCfg = Debug|Any CPU
		{986B981A-91C4-4472-AC4A-A58EBF471A9D}.Debug|Any CPU.Build.0 = Debug|Any CPU
		{986B981A-91C4-4472-AC4A-A58EBF471A9D}.Release|Any CPU.ActiveCfg = Release|Any CPU
		{986B981A-91C4-4472-AC4A-A58EBF471A9D}.Release|Any CPU.Build.0 = Release|Any CPU
		{D3945805-E981-4742-A553-6FC51BCF34D0}.Debug|Any CPU.ActiveCfg = Debug|Any CPU
		{D3945805-E981-4742-A553-6FC51BCF34D0}.Debug|Any CPU.Build.0 = Debug|Any CPU
		{D3945805-E981-4742-A553-6FC51BCF34D0}.Release|Any CPU.ActiveCfg = Release|Any CPU
		{D3945805-E981-4742-A553-6FC51BCF34D0}.Release|Any CPU.Build.0 = Release|Any CPU
		{0269CA7E-E2C3-488B-80B4-AC87DCC9029B}.Debug|Any CPU.ActiveCfg = Debug|Any CPU
		{0269CA7E-E2C3-488B-80B4-AC87DCC9029B}.Debug|Any CPU.Build.0 = Debug|Any CPU
		{0269CA7E-E2C3-488B-80B4-AC87DCC9029B}.Release|Any CPU.ActiveCfg = Release|Any CPU
		{0269CA7E-E2C3-488B-80B4-AC87DCC9029B}.Release|Any CPU.Build.0 = Release|Any CPU
		{A3BEF5C5-0E23-42EA-827D-39A36BA34177}.Debug|Any CPU.ActiveCfg = Debug|Any CPU
		{A3BEF5C5-0E23-42EA-827D-39A36BA34177}.Debug|Any CPU.Build.0 = Debug|Any CPU
		{A3BEF5C5-0E23-42EA-827D-39A36BA34177}.Release|Any CPU.ActiveCfg = Release|Any CPU
		{A3BEF5C5-0E23-42EA-827D-39A36BA34177}.Release|Any CPU.Build.0 = Release|Any CPU
		{3B12A634-91CA-4CBA-9D0C-7FC85A902E3B}.Debug|Any CPU.ActiveCfg = Debug|Any CPU
		{3B12A634-91CA-4CBA-9D0C-7FC85A902E3B}.Debug|Any CPU.Build.0 = Debug|Any CPU
		{3B12A634-91CA-4CBA-9D0C-7FC85A902E3B}.Release|Any CPU.ActiveCfg = Release|Any CPU
		{3B12A634-91CA-4CBA-9D0C-7FC85A902E3B}.Release|Any CPU.Build.0 = Release|Any CPU
		{4F2CF412-F1C7-4238-81E9-37BC30D7992A}.Debug|Any CPU.ActiveCfg = Debug|Any CPU
		{4F2CF412-F1C7-4238-81E9-37BC30D7992A}.Debug|Any CPU.Build.0 = Debug|Any CPU
		{4F2CF412-F1C7-4238-81E9-37BC30D7992A}.Release|Any CPU.ActiveCfg = Release|Any CPU
		{4F2CF412-F1C7-4238-81E9-37BC30D7992A}.Release|Any CPU.Build.0 = Release|Any CPU
		{7C6F4092-E8E3-4A25-9205-AB6976DA0AF7}.Debug|Any CPU.ActiveCfg = Debug|Any CPU
		{7C6F4092-E8E3-4A25-9205-AB6976DA0AF7}.Debug|Any CPU.Build.0 = Debug|Any CPU
		{7C6F4092-E8E3-4A25-9205-AB6976DA0AF7}.Release|Any CPU.ActiveCfg = Release|Any CPU
		{7C6F4092-E8E3-4A25-9205-AB6976DA0AF7}.Release|Any CPU.Build.0 = Release|Any CPU
	EndGlobalSection
	GlobalSection(SolutionProperties) = preSolution
		HideSolutionNode = FALSE
	EndGlobalSection
	GlobalSection(NestedProjects) = preSolution
		{D01830BF-BEDA-4B76-B118-9DC03C5EEF7C} = {A6FF9A21-2559-4953-8783-6949A358E8CD}
		{0DFD5F21-7344-4424-82E7-E44F1958F234} = {A6FF9A21-2559-4953-8783-6949A358E8CD}
		{37E086BF-3AF9-44AF-AEA4-8A16BA3E3462} = {A6FF9A21-2559-4953-8783-6949A358E8CD}
		{5548D5F6-8819-4370-A489-D9E27DE56332} = {EA1FB5A6-5A5C-4562-894E-31AA6CCD692A}
		{6D2E9563-62A6-419F-A5D0-87F031ACDEB0} = {EA1FB5A6-5A5C-4562-894E-31AA6CCD692A}
		{B982A7D5-BCB6-4FE2-8498-606E79F11918} = {EA1FB5A6-5A5C-4562-894E-31AA6CCD692A}
		{D00B2B07-6BA0-4A51-A72E-BCED431B12C8} = {6ABBD419-4318-42B6-B180-1DD515A20DE4}
		{B779DC06-13C0-4441-859F-05D833F0EF5D} = {6ABBD419-4318-42B6-B180-1DD515A20DE4}
		{C055A9CD-FB38-4364-A4D3-A9E1AB98DB2E} = {6ABBD419-4318-42B6-B180-1DD515A20DE4}
		{19460ECD-9F51-47CF-B1EC-C3B6A80FEF2E} = {A3C6C92D-8F67-417E-8FB7-09FB5242CD31}
		{3099E5AA-2EDB-40C9-80BA-7CC556E0DACE} = {A3C6C92D-8F67-417E-8FB7-09FB5242CD31}
		{ADA7887E-2A21-4B92-B3C0-BAC165820623} = {A3C6C92D-8F67-417E-8FB7-09FB5242CD31}
		{2EC354C2-BBAA-448C-AB1D-AB4CE30D65B9} = {41B1AB70-2C03-4E34-962F-39204BA4ED94}
		{95E6CFFC-3A81-4D60-9522-F1CC4CA01472} = {41B1AB70-2C03-4E34-962F-39204BA4ED94}
		{986B981A-91C4-4472-AC4A-A58EBF471A9D} = {41B1AB70-2C03-4E34-962F-39204BA4ED94}
		{D3945805-E981-4742-A553-6FC51BCF34D0} = {CA435B31-1283-4434-94FC-378062CB7DE3}
		{0269CA7E-E2C3-488B-80B4-AC87DCC9029B} = {CA435B31-1283-4434-94FC-378062CB7DE3}
		{A3BEF5C5-0E23-42EA-827D-39A36BA34177} = {CA435B31-1283-4434-94FC-378062CB7DE3}
		{3B12A634-91CA-4CBA-9D0C-7FC85A902E3B} = {79EFAD64-16E1-4891-8828-41AACE62B0D0}
		{4F2CF412-F1C7-4238-81E9-37BC30D7992A} = {79EFAD64-16E1-4891-8828-41AACE62B0D0}
		{7C6F4092-E8E3-4A25-9205-AB6976DA0AF7} = {79EFAD64-16E1-4891-8828-41AACE62B0D0}
	EndGlobalSection
	GlobalSection(ExtensibilityGlobals) = postSolution
		SolutionGuid = {99CA50C9-D6E3-407B-8939-AEC5A129DF03}
	EndGlobalSection
EndGlobal
